
Microsoft Visual Studio Solution File, Format Version 12.00
# Visual Studio Version 16
VisualStudioVersion = 16.0.29509.3
MinimumVisualStudioVersion = 10.0.40219.1
Project("{2150E333-8FDC-42A3-9474-1A3956D46DE8}") = "Solution Items", "Solution Items", "{EB7B0468-DE25-4350-80AD-50E7C4D09120}"
	ProjectSection(SolutionItems) = preProject
		Directory.Build.props = Directory.Build.props
		NuGet.config = NuGet.config
		README.md = README.md
	EndProjectSection
EndProject
Project("{2150E333-8FDC-42A3-9474-1A3956D46DE8}") = "src", "src", "{496EF727-9EBE-4FA3-8714-D51ADF8EF016}"
EndProject
Project("{9A19103F-16F7-4668-BE54-9A1E7A4F7556}") = "NBB.UnitTest.Template", "src\UnitTest\NBB.UnitTest.Template\NBB.UnitTest.Template.csproj", "{D6A39A09-A2CA-45EF-BCB3-2E14F63345EF}"
EndProject
Project("{2150E333-8FDC-42A3-9474-1A3956D46DE8}") = "UnitTest", "UnitTest", "{96D0B042-4C6E-4B6D-AE53-C335FEA0DDEA}"
EndProject
Project("{2150E333-8FDC-42A3-9474-1A3956D46DE8}") = "Worker", "Worker", "{4E1B1517-534F-4FCC-AD08-E459AE7CDA35}"
	ProjectSection(SolutionItems) = preProject
		src\Worker\development.props = src\Worker\development.props
		src\Worker\NBB.Worker.nuspec = src\Worker\NBB.Worker.nuspec
		src\Worker\readme.md = src\Worker\readme.md
	EndProjectSection
EndProject
Project("{9A19103F-16F7-4668-BE54-9A1E7A4F7556}") = "NBB.Worker", "src\Worker\content\NBB.Worker.CSharp\NBB.Worker.csproj", "{9D012A18-E862-466D-AEA3-09C225113528}"
EndProject
Project("{2150E333-8FDC-42A3-9474-1A3956D46DE8}") = ".github", ".github", "{F57779EB-9107-427D-A65C-5AA262C348E1}"
	ProjectSection(SolutionItems) = preProject
		.github\release-drafter.yml = .github\release-drafter.yml
	EndProjectSection
EndProject
Project("{2150E333-8FDC-42A3-9474-1A3956D46DE8}") = "CSharp", "CSharp", "{DD4CBADE-EEFB-41C0-9675-64009C073898}"
EndProject
Project("{2150E333-8FDC-42A3-9474-1A3956D46DE8}") = "FSharp", "FSharp", "{3572AD9C-8708-429A-BE57-CB6317B739A1}"
EndProject
Project("{6EC3EE1D-3C4E-46DD-8F32-0CC8E7565705}") = "NBB.Worker", "src\Worker\content\NBB.Worker.FSharp\NBB.Worker.fsproj", "{2D0630A0-C84F-4AAC-B472-61B3390EFF8C}"
EndProject
Global
	GlobalSection(SolutionConfigurationPlatforms) = preSolution
		Debug|Any CPU = Debug|Any CPU
		Release|Any CPU = Release|Any CPU
	EndGlobalSection
	GlobalSection(ProjectConfigurationPlatforms) = postSolution
		{D6A39A09-A2CA-45EF-BCB3-2E14F63345EF}.Debug|Any CPU.ActiveCfg = Debug|Any CPU
		{D6A39A09-A2CA-45EF-BCB3-2E14F63345EF}.Debug|Any CPU.Build.0 = Debug|Any CPU
		{D6A39A09-A2CA-45EF-BCB3-2E14F63345EF}.Release|Any CPU.ActiveCfg = Release|Any CPU
		{D6A39A09-A2CA-45EF-BCB3-2E14F63345EF}.Release|Any CPU.Build.0 = Release|Any CPU
		{9D012A18-E862-466D-AEA3-09C225113528}.Debug|Any CPU.ActiveCfg = Debug|Any CPU
		{9D012A18-E862-466D-AEA3-09C225113528}.Debug|Any CPU.Build.0 = Debug|Any CPU
		{9D012A18-E862-466D-AEA3-09C225113528}.Release|Any CPU.ActiveCfg = Release|Any CPU
		{9D012A18-E862-466D-AEA3-09C225113528}.Release|Any CPU.Build.0 = Release|Any CPU
		{2D0630A0-C84F-4AAC-B472-61B3390EFF8C}.Debug|Any CPU.ActiveCfg = Debug|Any CPU
		{2D0630A0-C84F-4AAC-B472-61B3390EFF8C}.Debug|Any CPU.Build.0 = Debug|Any CPU
		{2D0630A0-C84F-4AAC-B472-61B3390EFF8C}.Release|Any CPU.ActiveCfg = Release|Any CPU
		{2D0630A0-C84F-4AAC-B472-61B3390EFF8C}.Release|Any CPU.Build.0 = Release|Any CPU
	EndGlobalSection
	GlobalSection(SolutionProperties) = preSolution
		HideSolutionNode = FALSE
	EndGlobalSection
	GlobalSection(NestedProjects) = preSolution
		{D6A39A09-A2CA-45EF-BCB3-2E14F63345EF} = {96D0B042-4C6E-4B6D-AE53-C335FEA0DDEA}
		{96D0B042-4C6E-4B6D-AE53-C335FEA0DDEA} = {496EF727-9EBE-4FA3-8714-D51ADF8EF016}
		{4E1B1517-534F-4FCC-AD08-E459AE7CDA35} = {496EF727-9EBE-4FA3-8714-D51ADF8EF016}
		{9D012A18-E862-466D-AEA3-09C225113528} = {DD4CBADE-EEFB-41C0-9675-64009C073898}
		{F57779EB-9107-427D-A65C-5AA262C348E1} = {EB7B0468-DE25-4350-80AD-50E7C4D09120}
		{DD4CBADE-EEFB-41C0-9675-64009C073898} = {4E1B1517-534F-4FCC-AD08-E459AE7CDA35}
		{3572AD9C-8708-429A-BE57-CB6317B739A1} = {4E1B1517-534F-4FCC-AD08-E459AE7CDA35}
		{2D0630A0-C84F-4AAC-B472-61B3390EFF8C} = {3572AD9C-8708-429A-BE57-CB6317B739A1}
	EndGlobalSection
	GlobalSection(ExtensibilityGlobals) = postSolution
		SolutionGuid = {23A42379-616A-43EF-99BC-803DF151F54E}
	EndGlobalSection
EndGlobal
